
Microsoft Visual Studio Solution File, Format Version 12.00
# Visual Studio 15
VisualStudioVersion = 15.0.27703.2035
MinimumVisualStudioVersion = 10.0.40219.1
Project("{9A19103F-16F7-4668-BE54-9A1E7A4F7556}") = "FID.API", "FID.API\FID.API.csproj", "{0B90798B-B6CF-4CC0-9FCA-F87D30877F5D}"
EndProject
Project("{9A19103F-16F7-4668-BE54-9A1E7A4F7556}") = "FID.API.UnitTests", "FID.API.UnitTests\FID.API.UnitTests.csproj", "{9F9CE418-61AE-485A-855A-229081F9FF1E}"
EndProject
Project("{FAE04EC0-301F-11D3-BF4B-00C04F79EFBC}") = "FID.AirportTickerBoard", "FID.FID.AirportTickerBoard\FID.AirportTickerBoard.csproj", "{6F913A50-E24D-46D6-96DA-E3C5D1F736B6}"
EndProject
Project("{FAE04EC0-301F-11D3-BF4B-00C04F79EFBC}") = "FID.AirlinesAdmin", "FID.FID.AirlinesAdmin\FID.AirlinesAdmin.csproj", "{339D5105-2953-40A4-8DEA-47B7FB3F47B9}"
EndProject
Global
	GlobalSection(SolutionConfigurationPlatforms) = preSolution
		Debug|Any CPU = Debug|Any CPU
		Release|Any CPU = Release|Any CPU
	EndGlobalSection
	GlobalSection(ProjectConfigurationPlatforms) = postSolution
		{0B90798B-B6CF-4CC0-9FCA-F87D30877F5D}.Debug|Any CPU.ActiveCfg = Debug|Any CPU
		{0B90798B-B6CF-4CC0-9FCA-F87D30877F5D}.Debug|Any CPU.Build.0 = Debug|Any CPU
		{0B90798B-B6CF-4CC0-9FCA-F87D30877F5D}.Release|Any CPU.ActiveCfg = Release|Any CPU
		{0B90798B-B6CF-4CC0-9FCA-F87D30877F5D}.Release|Any CPU.Build.0 = Release|Any CPU
		{9F9CE418-61AE-485A-855A-229081F9FF1E}.Debug|Any CPU.ActiveCfg = Debug|Any CPU
		{9F9CE418-61AE-485A-855A-229081F9FF1E}.Debug|Any CPU.Build.0 = Debug|Any CPU
		{9F9CE418-61AE-485A-855A-229081F9FF1E}.Release|Any CPU.ActiveCfg = Release|Any CPU
		{9F9CE418-61AE-485A-855A-229081F9FF1E}.Release|Any CPU.Build.0 = Release|Any CPU
		{6F913A50-E24D-46D6-96DA-E3C5D1F736B6}.Debug|Any CPU.ActiveCfg = Debug|Any CPU
		{6F913A50-E24D-46D6-96DA-E3C5D1F736B6}.Debug|Any CPU.Build.0 = Debug|Any CPU
		{6F913A50-E24D-46D6-96DA-E3C5D1F736B6}.Release|Any CPU.ActiveCfg = Release|Any CPU
		{6F913A50-E24D-46D6-96DA-E3C5D1F736B6}.Release|Any CPU.Build.0 = Release|Any CPU
		{339D5105-2953-40A4-8DEA-47B7FB3F47B9}.Debug|Any CPU.ActiveCfg = Debug|Any CPU
		{339D5105-2953-40A4-8DEA-47B7FB3F47B9}.Debug|Any CPU.Build.0 = Debug|Any CPU
		{339D5105-2953-40A4-8DEA-47B7FB3F47B9}.Release|Any CPU.ActiveCfg = Release|Any CPU
		{339D5105-2953-40A4-8DEA-47B7FB3F47B9}.Release|Any CPU.Build.0 = Release|Any CPU
	EndGlobalSection
	GlobalSection(SolutionProperties) = preSolution
		HideSolutionNode = FALSE
	EndGlobalSection
	GlobalSection(ExtensibilityGlobals) = postSolution
		SolutionGuid = {2B5EB644-B431-4749-BD77-5CE1E40219BD}
	EndGlobalSection
EndGlobal
